# type|arch|name|url|sha256|license|source
python|darwin-arm64|cpython-3.12.13|https://github.com/astral-sh/python-build-standalone/releases/download/20260510/cpython-3.12.13%2B20260510-aarch64-apple-darwin-install_only_stripped.tar.gz|55bc1a5edbc8ac4da0081f4f5731ed2d1ed10c57cb37a820b2a0dbc7cad742e9|Python-2.0|https://github.com/astral-sh/python-build-standalone
python|darwin-x64|cpython-3.12.13|https://github.com/astral-sh/python-build-standalone/releases/download/20260510/cpython-3.12.13%2B20260510-x86_64-apple-darwin-install_only_stripped.tar.gz|6bab7fa97d4f2ddba86da0e05acff66c53b5edaca1df8edcf00ddca785a9c59b|Python-2.0|https://github.com/astral-sh/python-build-standalone
tool-tar-bin|darwin-arm64|rg|https://github.com/BurntSushi/ripgrep/releases/download/15.1.0/ripgrep-15.1.0-aarch64-apple-darwin.tar.gz|378e973289176ca0c6054054ee7f631a065874a352bf43f0fa60ef079b6ba715|MIT OR Unlicense|https://github.com/BurntSushi/ripgrep
tool-tar-bin|darwin-x64|rg|https://github.com/BurntSushi/ripgrep/releases/download/15.1.0/ripgrep-15.1.0-x86_64-apple-darwin.tar.gz|64811cb24e77cac3057d6c40b63ac9becf9082eedd54ca411b475b755d334882|MIT OR Unlicense|https://github.com/BurntSushi/ripgrep
tool-zip-bin|darwin-arm64|ffmpeg|https://ffmpeg.martin-riedl.de/download/macos/arm64/1778761665_8.1.1/ffmpeg.zip|a05b1a47bb3ac89a95a55eec713f8bbb347051bb07015f3b7d08fb62ed81a21e|GPL-3.0-or-later-compatible build|https://ffmpeg.martin-riedl.de/
tool-zip-bin|darwin-arm64|ffprobe|https://ffmpeg.martin-riedl.de/download/macos/arm64/1778761665_8.1.1/ffprobe.zip|135e70d2518beeb568183952dbc4bdeca1628dd49a7376d57e6b27dbc57d209f|GPL-3.0-or-later-compatible build|https://ffmpeg.martin-riedl.de/
tool-zip-bin|darwin-x64|ffmpeg|https://ffmpeg.martin-riedl.de/download/macos/amd64/1778768838_8.1.1/ffmpeg.zip|8cb711bfa6f66033112d708dc275220419d0fdb49c5b752f8db25f11a92d321f|GPL-3.0-or-later-compatible build|https://ffmpeg.martin-riedl.de/
tool-zip-bin|darwin-x64|ffprobe|https://ffmpeg.martin-riedl.de/download/macos/amd64/1778768838_8.1.1/ffprobe.zip|e9b9b83fef584c367b27c683a1172921b4f48fa8bd5df6712ef54e63b915ea50|GPL-3.0-or-later-compatible build|https://ffmpeg.martin-riedl.de/
tool-wheel-tesseract|darwin-arm64|tesseract|https://files.pythonhosted.org/packages/00/0a/b2d2243be7cdce1e6a46509693e9c06510037786af3da79f29998411dc72/tesseract_bin-1.1.0-py3-none-macosx_11_0_arm64.whl|f83c8a186bbc5b19867324f56444621c552e3e14ec56ef798ecd37a6d968510d|Apache-2.0|https://pypi.org/project/tesseract-bin/
